
Microsoft Visual Studio Solution File, Format Version 12.00
# Visual Studio Version 17
VisualStudioVersion = 17.8.34408.163
MinimumVisualStudioVersion = 10.0.40219.1
Project("{9A19103F-16F7-4668-BE54-9A1E7A4F7556}") = "Collection", "Collection\Collection\Collection.csproj", "{54246EB5-3BE9-4308-9908-A1E6B9224101}"
EndProject
Project("{9A19103F-16F7-4668-BE54-9A1E7A4F7556}") = "Collection.Client", "Collection\Collection.Client\Collection.Client.csproj", "{48837ECB-9825-4B65-A778-5EDB7FBB318E}"
EndProject
Global
	GlobalSection(SolutionConfigurationPlatforms) = preSolution
		Debug|Any CPU = Debug|Any CPU
		Release|Any CPU = Release|Any CPU
	EndGlobalSection
	GlobalSection(ProjectConfigurationPlatforms) = postSolution
		{54246EB5-3BE9-4308-9908-A1E6B9224101}.Debug|Any CPU.ActiveCfg = Debug|Any CPU
		{54246EB5-3BE9-4308-9908-A1E6B9224101}.Debug|Any CPU.Build.0 = Debug|Any CPU
		{54246EB5-3BE9-4308-9908-A1E6B9224101}.Release|Any CPU.ActiveCfg = Release|Any CPU
		{54246EB5-3BE9-4308-9908-A1E6B9224101}.Release|Any CPU.Build.0 = Release|Any CPU
		{48837ECB-9825-4B65-A778-5EDB7FBB318E}.Debug|Any CPU.ActiveCfg = Debug|Any CPU
		{48837ECB-9825-4B65-A778-5EDB7FBB318E}.Debug|Any CPU.Build.0 = Debug|Any CPU
		{48837ECB-9825-4B65-A778-5EDB7FBB318E}.Release|Any CPU.ActiveCfg = Release|Any CPU
		{48837ECB-9825-4B65-A778-5EDB7FBB318E}.Release|Any CPU.Build.0 = Release|Any CPU
	EndGlobalSection
	GlobalSection(SolutionProperties) = preSolution
		HideSolutionNode = FALSE
	EndGlobalSection
	GlobalSection(ExtensibilityGlobals) = postSolution
		SolutionGuid = {07935CAF-31A4-4737-9181-622257F8D56B}
	EndGlobalSection
EndGlobal
